
Microsoft Visual Studio Solution File, Format Version 12.00
# Visual Studio Version 17
VisualStudioVersion = 17.8.34330.188
MinimumVisualStudioVersion = 10.0.40219.1
Project("{FAE04EC0-301F-11D3-BF4B-00C04F79EFBC}") = "CSharp-String", "CSharp-String\CSharp-String.csproj", "{BDF0DDB0-4319-4846-A58A-D7F74BCE7D14}"
EndProject
Project("{FAE04EC0-301F-11D3-BF4B-00C04F79EFBC}") = "01", "01\01.csproj", "{F5C29C54-7E4B-4659-BEBA-9A79B16AEA4D}"
EndProject
Project("{FAE04EC0-301F-11D3-BF4B-00C04F79EFBC}") = "02", "02\02.csproj", "{D8AFEBDE-0EC0-4101-AB83-5966C0666D64}"
EndProject
Project("{FAE04EC0-301F-11D3-BF4B-00C04F79EFBC}") = "03", "03\03.csproj", "{97209F74-FBBF-44D2-81B7-312ABEF9DCED}"
EndProject
Project("{FAE04EC0-301F-11D3-BF4B-00C04F79EFBC}") = "04", "04\04.csproj", "{6A325C9E-6F05-437E-ABF1-1515AE63AA46}"
EndProject
Project("{FAE04EC0-301F-11D3-BF4B-00C04F79EFBC}") = "05", "05\05.csproj", "{D28897DD-3A45-4548-9580-79DE5DB2EBA4}"
EndProject
Project("{FAE04EC0-301F-11D3-BF4B-00C04F79EFBC}") = "06", "06\06.csproj", "{5701DD72-265A-4DCF-ADC7-529061897EE5}"
EndProject
Project("{FAE04EC0-301F-11D3-BF4B-00C04F79EFBC}") = "07", "07\07.csproj", "{B96F20F4-3AD2-4F5A-91C3-3DAA9271FA0C}"
EndProject
Project("{FAE04EC0-301F-11D3-BF4B-00C04F79EFBC}") = "08", "08\08.csproj", "{29B29E6B-25F0-4A3B-897C-66F8A7F3EC9E}"
EndProject
Project("{FAE04EC0-301F-11D3-BF4B-00C04F79EFBC}") = "09", "09\09.csproj", "{C6E6E235-C5A3-4D8C-B2E2-8B09B9121435}"
EndProject
Project("{FAE04EC0-301F-11D3-BF4B-00C04F79EFBC}") = "10", "10\10.csproj", "{2199FA1C-A2CB-4E62-B97E-2E127812E5F9}"
EndProject
Global
	GlobalSection(SolutionConfigurationPlatforms) = preSolution
		Debug|Any CPU = Debug|Any CPU
		Release|Any CPU = Release|Any CPU
	EndGlobalSection
	GlobalSection(ProjectConfigurationPlatforms) = postSolution
		{BDF0DDB0-4319-4846-A58A-D7F74BCE7D14}.Debug|Any CPU.ActiveCfg = Debug|Any CPU
		{BDF0DDB0-4319-4846-A58A-D7F74BCE7D14}.Debug|Any CPU.Build.0 = Debug|Any CPU
		{BDF0DDB0-4319-4846-A58A-D7F74BCE7D14}.Release|Any CPU.ActiveCfg = Release|Any CPU
		{BDF0DDB0-4319-4846-A58A-D7F74BCE7D14}.Release|Any CPU.Build.0 = Release|Any CPU
		{F5C29C54-7E4B-4659-BEBA-9A79B16AEA4D}.Debug|Any CPU.ActiveCfg = Debug|Any CPU
		{F5C29C54-7E4B-4659-BEBA-9A79B16AEA4D}.Debug|Any CPU.Build.0 = Debug|Any CPU
		{F5C29C54-7E4B-4659-BEBA-9A79B16AEA4D}.Release|Any CPU.ActiveCfg = Release|Any CPU
		{F5C29C54-7E4B-4659-BEBA-9A79B16AEA4D}.Release|Any CPU.Build.0 = Release|Any CPU
		{D8AFEBDE-0EC0-4101-AB83-5966C0666D64}.Debug|Any CPU.ActiveCfg = Debug|Any CPU
		{D8AFEBDE-0EC0-4101-AB83-5966C0666D64}.Debug|Any CPU.Build.0 = Debug|Any CPU
		{D8AFEBDE-0EC0-4101-AB83-5966C0666D64}.Release|Any CPU.ActiveCfg = Release|Any CPU
		{D8AFEBDE-0EC0-4101-AB83-5966C0666D64}.Release|Any CPU.Build.0 = Release|Any CPU
		{97209F74-FBBF-44D2-81B7-312ABEF9DCED}.Debug|Any CPU.ActiveCfg = Debug|Any CPU
		{97209F74-FBBF-44D2-81B7-312ABEF9DCED}.Debug|Any CPU.Build.0 = Debug|Any CPU
		{97209F74-FBBF-44D2-81B7-312ABEF9DCED}.Release|Any CPU.ActiveCfg = Release|Any CPU
		{97209F74-FBBF-44D2-81B7-312ABEF9DCED}.Release|Any CPU.Build.0 = Release|Any CPU
		{6A325C9E-6F05-437E-ABF1-1515AE63AA46}.Debug|Any CPU.ActiveCfg = Debug|Any CPU
		{6A325C9E-6F05-437E-ABF1-1515AE63AA46}.Debug|Any CPU.Build.0 = Debug|Any CPU
		{6A325C9E-6F05-437E-ABF1-1515AE63AA46}.Release|Any CPU.ActiveCfg = Release|Any CPU
		{6A325C9E-6F05-437E-ABF1-1515AE63AA46}.Release|Any CPU.Build.0 = Release|Any CPU
		{D28897DD-3A45-4548-9580-79DE5DB2EBA4}.Debug|Any CPU.ActiveCfg = Debug|Any CPU
		{D28897DD-3A45-4548-9580-79DE5DB2EBA4}.Debug|Any CPU.Build.0 = Debug|Any CPU
		{D28897DD-3A45-4548-9580-79DE5DB2EBA4}.Release|Any CPU.ActiveCfg = Release|Any CPU
		{D28897DD-3A45-4548-9580-79DE5DB2EBA4}.Release|Any CPU.Build.0 = Release|Any CPU
		{5701DD72-265A-4DCF-ADC7-529061897EE5}.Debug|Any CPU.ActiveCfg = Debug|Any CPU
		{5701DD72-265A-4DCF-ADC7-529061897EE5}.Debug|Any CPU.Build.0 = Debug|Any CPU
		{5701DD72-265A-4DCF-ADC7-529061897EE5}.Release|Any CPU.ActiveCfg = Release|Any CPU
		{5701DD72-265A-4DCF-ADC7-529061897EE5}.Release|Any CPU.Build.0 = Release|Any CPU
		{B96F20F4-3AD2-4F5A-91C3-3DAA9271FA0C}.Debug|Any CPU.ActiveCfg = Debug|Any CPU
		{B96F20F4-3AD2-4F5A-91C3-3DAA9271FA0C}.Debug|Any CPU.Build.0 = Debug|Any CPU
		{B96F20F4-3AD2-4F5A-91C3-3DAA9271FA0C}.Release|Any CPU.ActiveCfg = Release|Any CPU
		{B96F20F4-3AD2-4F5A-91C3-3DAA9271FA0C}.Release|Any CPU.Build.0 = Release|Any CPU
		{29B29E6B-25F0-4A3B-897C-66F8A7F3EC9E}.Debug|Any CPU.ActiveCfg = Debug|Any CPU
		{29B29E6B-25F0-4A3B-897C-66F8A7F3EC9E}.Debug|Any CPU.Build.0 = Debug|Any CPU
		{29B29E6B-25F0-4A3B-897C-66F8A7F3EC9E}.Release|Any CPU.ActiveCfg = Release|Any CPU
		{29B29E6B-25F0-4A3B-897C-66F8A7F3EC9E}.Release|Any CPU.Build.0 = Release|Any CPU
		{C6E6E235-C5A3-4D8C-B2E2-8B09B9121435}.Debug|Any CPU.ActiveCfg = Debug|Any CPU
		{C6E6E235-C5A3-4D8C-B2E2-8B09B9121435}.Debug|Any CPU.Build.0 = Debug|Any CPU
		{C6E6E235-C5A3-4D8C-B2E2-8B09B9121435}.Release|Any CPU.ActiveCfg = Release|Any CPU
		{C6E6E235-C5A3-4D8C-B2E2-8B09B9121435}.Release|Any CPU.Build.0 = Release|Any CPU
		{2199FA1C-A2CB-4E62-B97E-2E127812E5F9}.Debug|Any CPU.ActiveCfg = Debug|Any CPU
		{2199FA1C-A2CB-4E62-B97E-2E127812E5F9}.Debug|Any CPU.Build.0 = Debug|Any CPU
		{2199FA1C-A2CB-4E62-B97E-2E127812E5F9}.Release|Any CPU.ActiveCfg = Release|Any CPU
		{2199FA1C-A2CB-4E62-B97E-2E127812E5F9}.Release|Any CPU.Build.0 = Release|Any CPU
	EndGlobalSection
	GlobalSection(SolutionProperties) = preSolution
		HideSolutionNode = FALSE
	EndGlobalSection
	GlobalSection(ExtensibilityGlobals) = postSolution
		SolutionGuid = {4E0E3847-8DE8-416C-A71C-5C6D4D5E280D}
	EndGlobalSection
EndGlobal
